
Microsoft Visual Studio Solution File, Format Version 12.00
# Visual Studio Version 16
VisualStudioVersion = 16.0.31424.327
MinimumVisualStudioVersion = 10.0.40219.1
Project("{FAE04EC0-301F-11D3-BF4B-00C04F79EFBC}") = "Steganografi", "Steganografi\Steganografi.csproj", "{B4752B6D-733D-4FBB-B875-376069AAE81E}"
EndProject
Global
	GlobalSection(SolutionConfigurationPlatforms) = preSolution
		Debug|Any CPU = Debug|Any CPU
		Release|Any CPU = Release|Any CPU
	EndGlobalSection
	GlobalSection(ProjectConfigurationPlatforms) = postSolution
		{B4752B6D-733D-4FBB-B875-376069AAE81E}.Debug|Any CPU.ActiveCfg = Debug|Any CPU
		{B4752B6D-733D-4FBB-B875-376069AAE81E}.Debug|Any CPU.Build.0 = Debug|Any CPU
		{B4752B6D-733D-4FBB-B875-376069AAE81E}.Release|Any CPU.ActiveCfg = Release|Any CPU
		{B4752B6D-733D-4FBB-B875-376069AAE81E}.Release|Any CPU.Build.0 = Release|Any CPU
	EndGlobalSection
	GlobalSection(SolutionProperties) = preSolution
		HideSolutionNode = FALSE
	EndGlobalSection
	GlobalSection(ExtensibilityGlobals) = postSolution
		SolutionGuid = {3120696E-54BD-4D34-88CB-9E795E7D25C0}
	EndGlobalSection
EndGlobal
